
Microsoft Visual Studio Solution File, Format Version 12.00
# Visual Studio Version 16
VisualStudioVersion = 16.0.29613.14
MinimumVisualStudioVersion = 10.0.40219.1
Project("{9A19103F-16F7-4668-BE54-9A1E7A4F7556}") = "RaspiCamera", "RaspiCamera\RaspiCamera.csproj", "{3E8D4BDF-B455-4FCB-87C4-11573F9542CD}"
EndProject
Project("{9A19103F-16F7-4668-BE54-9A1E7A4F7556}") = "MMALSharp", "..\..\MMALSharp\src\MMALSharp\MMALSharp.csproj", "{E6BA337F-7239-4C70-9FE5-166ACF7A84DE}"
EndProject
Project("{9A19103F-16F7-4668-BE54-9A1E7A4F7556}") = "MMALSharp.Processing", "..\..\MMALSharp\src\MMALSharp.Processing\MMALSharp.Processing.csproj", "{1237F75D-0D5C-420A-BFD1-EC44ACE3A364}"
EndProject
Project("{9A19103F-16F7-4668-BE54-9A1E7A4F7556}") = "MMALSharp.Common", "..\..\MMALSharp\src\MMALSharp.Common\MMALSharp.Common.csproj", "{2F2B8FA0-6079-4EC7-A864-9DD5E1D6F71B}"
EndProject
Project("{9A19103F-16F7-4668-BE54-9A1E7A4F7556}") = "MMALSharp.FFmpeg", "..\..\MMALSharp\src\MMALSharp.FFmpeg\MMALSharp.FFmpeg.csproj", "{DFAE9107-200F-4841-9185-ED92F7E95532}"
EndProject
Project("{9A19103F-16F7-4668-BE54-9A1E7A4F7556}") = "MMALSharp.Demo", "..\..\MMALSharp\src\MMALSharp.Demo\MMALSharp.Demo.csproj", "{0BF468C4-1F29-4557-97BD-55803EA9A986}"
EndProject
Global
	GlobalSection(SolutionConfigurationPlatforms) = preSolution
		Debug|Any CPU = Debug|Any CPU
		Release|Any CPU = Release|Any CPU
	EndGlobalSection
	GlobalSection(ProjectConfigurationPlatforms) = postSolution
		{3E8D4BDF-B455-4FCB-87C4-11573F9542CD}.Debug|Any CPU.ActiveCfg = Debug|Any CPU
		{3E8D4BDF-B455-4FCB-87C4-11573F9542CD}.Debug|Any CPU.Build.0 = Debug|Any CPU
		{3E8D4BDF-B455-4FCB-87C4-11573F9542CD}.Release|Any CPU.ActiveCfg = Release|Any CPU
		{3E8D4BDF-B455-4FCB-87C4-11573F9542CD}.Release|Any CPU.Build.0 = Release|Any CPU
		{E6BA337F-7239-4C70-9FE5-166ACF7A84DE}.Debug|Any CPU.ActiveCfg = Debug|Any CPU
		{E6BA337F-7239-4C70-9FE5-166ACF7A84DE}.Debug|Any CPU.Build.0 = Debug|Any CPU
		{E6BA337F-7239-4C70-9FE5-166ACF7A84DE}.Release|Any CPU.ActiveCfg = Release|Any CPU
		{E6BA337F-7239-4C70-9FE5-166ACF7A84DE}.Release|Any CPU.Build.0 = Release|Any CPU
		{1237F75D-0D5C-420A-BFD1-EC44ACE3A364}.Debug|Any CPU.ActiveCfg = Debug|Any CPU
		{1237F75D-0D5C-420A-BFD1-EC44ACE3A364}.Debug|Any CPU.Build.0 = Debug|Any CPU
		{1237F75D-0D5C-420A-BFD1-EC44ACE3A364}.Release|Any CPU.ActiveCfg = Release|Any CPU
		{1237F75D-0D5C-420A-BFD1-EC44ACE3A364}.Release|Any CPU.Build.0 = Release|Any CPU
		{2F2B8FA0-6079-4EC7-A864-9DD5E1D6F71B}.Debug|Any CPU.ActiveCfg = Debug|Any CPU
		{2F2B8FA0-6079-4EC7-A864-9DD5E1D6F71B}.Debug|Any CPU.Build.0 = Debug|Any CPU
		{2F2B8FA0-6079-4EC7-A864-9DD5E1D6F71B}.Release|Any CPU.ActiveCfg = Release|Any CPU
		{2F2B8FA0-6079-4EC7-A864-9DD5E1D6F71B}.Release|Any CPU.Build.0 = Release|Any CPU
		{DFAE9107-200F-4841-9185-ED92F7E95532}.Debug|Any CPU.ActiveCfg = Debug|Any CPU
		{DFAE9107-200F-4841-9185-ED92F7E95532}.Debug|Any CPU.Build.0 = Debug|Any CPU
		{DFAE9107-200F-4841-9185-ED92F7E95532}.Release|Any CPU.ActiveCfg = Release|Any CPU
		{DFAE9107-200F-4841-9185-ED92F7E95532}.Release|Any CPU.Build.0 = Release|Any CPU
		{0BF468C4-1F29-4557-97BD-55803EA9A986}.Debug|Any CPU.ActiveCfg = Debug|Any CPU
		{0BF468C4-1F29-4557-97BD-55803EA9A986}.Debug|Any CPU.Build.0 = Debug|Any CPU
		{0BF468C4-1F29-4557-97BD-55803EA9A986}.Release|Any CPU.ActiveCfg = Release|Any CPU
		{0BF468C4-1F29-4557-97BD-55803EA9A986}.Release|Any CPU.Build.0 = Release|Any CPU
	EndGlobalSection
	GlobalSection(SolutionProperties) = preSolution
		HideSolutionNode = FALSE
	EndGlobalSection
	GlobalSection(ExtensibilityGlobals) = postSolution
		SolutionGuid = {EDE83305-1636-4BF6-A99D-4F819770D0EC}
	EndGlobalSection
EndGlobal
