
Microsoft Visual Studio Solution File, Format Version 12.00
# Visual Studio Version 16
VisualStudioVersion = 16.0.29613.14
MinimumVisualStudioVersion = 10.0.40219.1
Project("{9A19103F-16F7-4668-BE54-9A1E7A4F7556}") = "RaspiCamera", "RaspiCamera\RaspiCamera.csproj", "{3E8D4BDF-B455-4FCB-87C4-11573F9542CD}"
EndProject
Project("{9A19103F-16F7-4668-BE54-9A1E7A4F7556}") = "MMALSharp", "..\MMALSharp\src\MMALSharp\MMALSharp.csproj", "{960F90C1-8FD7-4E1B-B939-D0F61E292A6A}"
EndProject
Project("{9A19103F-16F7-4668-BE54-9A1E7A4F7556}") = "MMALSharp.Common", "..\MMALSharp\src\MMALSharp.Common\MMALSharp.Common.csproj", "{BB1CC725-622D-477F-9763-AB49E050A3CC}"
EndProject
Project("{9A19103F-16F7-4668-BE54-9A1E7A4F7556}") = "MMALSharp.Demo", "..\MMALSharp\src\MMALSharp.Demo\MMALSharp.Demo.csproj", "{2012CBC0-8EB5-4A54-90DC-EE7A3CE8D5FD}"
EndProject
Project("{9A19103F-16F7-4668-BE54-9A1E7A4F7556}") = "MMALSharp.FFmpeg", "..\MMALSharp\src\MMALSharp.FFmpeg\MMALSharp.FFmpeg.csproj", "{4F3029DF-CE60-4521-B24F-D09AAAE672C4}"
EndProject
Project("{9A19103F-16F7-4668-BE54-9A1E7A4F7556}") = "MMALSharp.Processing", "..\MMALSharp\src\MMALSharp.Processing\MMALSharp.Processing.csproj", "{C37255DC-EB55-4EC8-AACA-2BF7AB4F9340}"
EndProject
Global
	GlobalSection(SolutionConfigurationPlatforms) = preSolution
		Debug|Any CPU = Debug|Any CPU
		Release|Any CPU = Release|Any CPU
	EndGlobalSection
	GlobalSection(ProjectConfigurationPlatforms) = postSolution
		{3E8D4BDF-B455-4FCB-87C4-11573F9542CD}.Debug|Any CPU.ActiveCfg = Debug|Any CPU
		{3E8D4BDF-B455-4FCB-87C4-11573F9542CD}.Debug|Any CPU.Build.0 = Debug|Any CPU
		{3E8D4BDF-B455-4FCB-87C4-11573F9542CD}.Release|Any CPU.ActiveCfg = Release|Any CPU
		{3E8D4BDF-B455-4FCB-87C4-11573F9542CD}.Release|Any CPU.Build.0 = Release|Any CPU
		{960F90C1-8FD7-4E1B-B939-D0F61E292A6A}.Debug|Any CPU.ActiveCfg = Debug|Any CPU
		{960F90C1-8FD7-4E1B-B939-D0F61E292A6A}.Debug|Any CPU.Build.0 = Debug|Any CPU
		{960F90C1-8FD7-4E1B-B939-D0F61E292A6A}.Release|Any CPU.ActiveCfg = Release|Any CPU
		{960F90C1-8FD7-4E1B-B939-D0F61E292A6A}.Release|Any CPU.Build.0 = Release|Any CPU
		{BB1CC725-622D-477F-9763-AB49E050A3CC}.Debug|Any CPU.ActiveCfg = Debug|Any CPU
		{BB1CC725-622D-477F-9763-AB49E050A3CC}.Debug|Any CPU.Build.0 = Debug|Any CPU
		{BB1CC725-622D-477F-9763-AB49E050A3CC}.Release|Any CPU.ActiveCfg = Release|Any CPU
		{BB1CC725-622D-477F-9763-AB49E050A3CC}.Release|Any CPU.Build.0 = Release|Any CPU
		{2012CBC0-8EB5-4A54-90DC-EE7A3CE8D5FD}.Debug|Any CPU.ActiveCfg = Debug|Any CPU
		{2012CBC0-8EB5-4A54-90DC-EE7A3CE8D5FD}.Debug|Any CPU.Build.0 = Debug|Any CPU
		{2012CBC0-8EB5-4A54-90DC-EE7A3CE8D5FD}.Release|Any CPU.ActiveCfg = Release|Any CPU
		{2012CBC0-8EB5-4A54-90DC-EE7A3CE8D5FD}.Release|Any CPU.Build.0 = Release|Any CPU
		{4F3029DF-CE60-4521-B24F-D09AAAE672C4}.Debug|Any CPU.ActiveCfg = Debug|Any CPU
		{4F3029DF-CE60-4521-B24F-D09AAAE672C4}.Debug|Any CPU.Build.0 = Debug|Any CPU
		{4F3029DF-CE60-4521-B24F-D09AAAE672C4}.Release|Any CPU.ActiveCfg = Release|Any CPU
		{4F3029DF-CE60-4521-B24F-D09AAAE672C4}.Release|Any CPU.Build.0 = Release|Any CPU
		{C37255DC-EB55-4EC8-AACA-2BF7AB4F9340}.Debug|Any CPU.ActiveCfg = Debug|Any CPU
		{C37255DC-EB55-4EC8-AACA-2BF7AB4F9340}.Debug|Any CPU.Build.0 = Debug|Any CPU
		{C37255DC-EB55-4EC8-AACA-2BF7AB4F9340}.Release|Any CPU.ActiveCfg = Release|Any CPU
		{C37255DC-EB55-4EC8-AACA-2BF7AB4F9340}.Release|Any CPU.Build.0 = Release|Any CPU
	EndGlobalSection
	GlobalSection(SolutionProperties) = preSolution
		HideSolutionNode = FALSE
	EndGlobalSection
	GlobalSection(ExtensibilityGlobals) = postSolution
		SolutionGuid = {EDE83305-1636-4BF6-A99D-4F819770D0EC}
	EndGlobalSection
EndGlobal
